
Microsoft Visual Studio Solution File, Format Version 12.00
Project("{FAE04EC0-301F-11D3-BF4B-00C04F79EFBC}") = "OnlineBookingAggregatorApp.Domain", "OnlineBookingAggregatorApp.Domain\OnlineBookingAggregatorApp.Domain.csproj", "{A81FF2A8-066C-4FDC-BA8E-818FD54EFB23}"
EndProject
Project("{FAE04EC0-301F-11D3-BF4B-00C04F79EFBC}") = "OnlineBookingAggregatorApp.Core", "OnlineBookingAggregatorApp.Core\OnlineBookingAggregatorApp.Core.csproj", "{C547C8AB-F34E-4915-8CEE-A5508C86F096}"
EndProject
Project("{FAE04EC0-301F-11D3-BF4B-00C04F79EFBC}") = "OnlineBookingAggregatorApp.Persistence", "OnlineBookingAggregatorApp.Persistence\OnlineBookingAggregatorApp.Persistence.csproj", "{4186E604-8C6D-4EF3-85A7-C1BC91371E17}"
EndProject
Project("{FAE04EC0-301F-11D3-BF4B-00C04F79EFBC}") = "OnlineBookingAggregatorApp.Infrastructure", "OnlineBookingAggregatorApp.Infrastructure\OnlineBookingAggregatorApp.Infrastructure.csproj", "{10D4DC41-4735-47BA-8B2E-B4FA6E12A453}"
EndProject
Project("{FAE04EC0-301F-11D3-BF4B-00C04F79EFBC}") = "OnlineBookingAggregatorApp.Api", "OnlineBookingAggregatorApp.Api\OnlineBookingAggregatorApp.Api.csproj", "{41D11247-96F2-445B-8764-B0B2554695DE}"
EndProject
Project("{2150E333-8FDC-42A3-9474-1A3956D46DE8}") = "Tests", "Tests", "{F2749B99-AF85-4083-960E-8FC2932F081C}"
EndProject
Project("{FAE04EC0-301F-11D3-BF4B-00C04F79EFBC}") = "OnlineBookingAggregatorApp.UnitTests.Infrastructure", "OnlineBookingAggregatorApp.UnitTests.Infrastructure\OnlineBookingAggregatorApp.UnitTests.Infrastructure.csproj", "{899B0494-955E-4100-8A29-3E38371D969E}"
EndProject
Global
	GlobalSection(SolutionConfigurationPlatforms) = preSolution
		Debug|Any CPU = Debug|Any CPU
		Release|Any CPU = Release|Any CPU
	EndGlobalSection
	GlobalSection(ProjectConfigurationPlatforms) = postSolution
		{A81FF2A8-066C-4FDC-BA8E-818FD54EFB23}.Debug|Any CPU.ActiveCfg = Debug|Any CPU
		{A81FF2A8-066C-4FDC-BA8E-818FD54EFB23}.Release|Any CPU.ActiveCfg = Release|Any CPU
		{A81FF2A8-066C-4FDC-BA8E-818FD54EFB23}.Release|Any CPU.Build.0 = Release|Any CPU
		{A81FF2A8-066C-4FDC-BA8E-818FD54EFB23}.Debug|Any CPU.Build.0 = Debug|Any CPU
		{C547C8AB-F34E-4915-8CEE-A5508C86F096}.Debug|Any CPU.ActiveCfg = Debug|Any CPU
		{C547C8AB-F34E-4915-8CEE-A5508C86F096}.Release|Any CPU.ActiveCfg = Release|Any CPU
		{C547C8AB-F34E-4915-8CEE-A5508C86F096}.Release|Any CPU.Build.0 = Release|Any CPU
		{C547C8AB-F34E-4915-8CEE-A5508C86F096}.Debug|Any CPU.Build.0 = Debug|Any CPU
		{4186E604-8C6D-4EF3-85A7-C1BC91371E17}.Debug|Any CPU.ActiveCfg = Debug|Any CPU
		{4186E604-8C6D-4EF3-85A7-C1BC91371E17}.Release|Any CPU.ActiveCfg = Release|Any CPU
		{4186E604-8C6D-4EF3-85A7-C1BC91371E17}.Release|Any CPU.Build.0 = Release|Any CPU
		{4186E604-8C6D-4EF3-85A7-C1BC91371E17}.Debug|Any CPU.Build.0 = Debug|Any CPU
		{10D4DC41-4735-47BA-8B2E-B4FA6E12A453}.Debug|Any CPU.ActiveCfg = Debug|Any CPU
		{10D4DC41-4735-47BA-8B2E-B4FA6E12A453}.Release|Any CPU.ActiveCfg = Release|Any CPU
		{10D4DC41-4735-47BA-8B2E-B4FA6E12A453}.Release|Any CPU.Build.0 = Release|Any CPU
		{10D4DC41-4735-47BA-8B2E-B4FA6E12A453}.Debug|Any CPU.Build.0 = Debug|Any CPU
		{41D11247-96F2-445B-8764-B0B2554695DE}.Debug|Any CPU.ActiveCfg = Debug|Any CPU
		{41D11247-96F2-445B-8764-B0B2554695DE}.Release|Any CPU.ActiveCfg = Release|Any CPU
		{41D11247-96F2-445B-8764-B0B2554695DE}.Release|Any CPU.Build.0 = Release|Any CPU
		{41D11247-96F2-445B-8764-B0B2554695DE}.Debug|Any CPU.Build.0 = Debug|Any CPU
		{899B0494-955E-4100-8A29-3E38371D969E}.Debug|Any CPU.ActiveCfg = Debug|Any CPU
		{899B0494-955E-4100-8A29-3E38371D969E}.Debug|Any CPU.Build.0 = Debug|Any CPU
		{899B0494-955E-4100-8A29-3E38371D969E}.Release|Any CPU.ActiveCfg = Release|Any CPU
		{899B0494-955E-4100-8A29-3E38371D969E}.Release|Any CPU.Build.0 = Release|Any CPU
	EndGlobalSection
	GlobalSection(NestedProjects) = preSolution
		{899B0494-955E-4100-8A29-3E38371D969E} = {F2749B99-AF85-4083-960E-8FC2932F081C}
	EndGlobalSection
EndGlobal
