{
  "name": "BookingAggregatorApi",
  "lockfileVersion": 2,
  "requires": true,
  "packages": {
    "": {
      "dependencies": {
        "ngx-cookie-service": "^11.0.2"
      }
    },
    "node_modules/@angular/common": {
      "version": "11.2.0",
      "resolved": "https://registry.npmjs.org/@angular/common/-/common-11.2.0.tgz",
      "integrity": "sha512-wsWI5F6Y2DNxne2D5uk8e9U/vn95UYZLMNBW+QXI9U/I9kDSXoa8yEvNcn1x0XfNXBMst5pi4iSF5M8mIck1eg==",
      "peer": true,
      "dependencies": {
        "tslib": "^2.0.0"
      },
      "peerDependencies": {
        "@angular/core": "11.2.0",
        "rxjs": "^6.5.3"
      }
    },
    "node_modules/@angular/core": {
      "version": "11.2.0",
      "resolved": "https://registry.npmjs.org/@angular/core/-/core-11.2.0.tgz",
      "integrity": "sha512-jnbnJTW2GwfkRoXG8J4zs5FMcahMZwo6jrZGe9FiXjCYG9cLEuOXy4h99Z1s/o0vc/VXyWgym7SmeEgv+urf8g==",
      "peer": true,
      "dependencies": {
        "tslib": "^2.0.0"
      },
      "peerDependencies": {
        "rxjs": "^6.5.3",
        "zone.js": "^0.10.2 || ^0.11.3"
      }
    },
    "node_modules/ngx-cookie-service": {
      "version": "11.0.2",
      "resolved": "https://registry.npmjs.org/ngx-cookie-service/-/ngx-cookie-service-11.0.2.tgz",
      "integrity": "sha512-nsjzdcjK+gNAweE/DDdnOyHo04jlxTeMXOL/oJNp8MHtOTvCXnOtIFYgq4Sb2JU6UXTovO9tHEMIf9TxjlsdgQ==",
      "dependencies": {
        "tslib": "^2.0.0"
      },
      "peerDependencies": {
        "@angular/common": "^11.0.2",
        "@angular/core": "^11.0.2"
      }
    },
    "node_modules/rxjs": {
      "version": "6.6.3",
      "resolved": "https://registry.npmjs.org/rxjs/-/rxjs-6.6.3.tgz",
      "integrity": "sha512-trsQc+xYYXZ3urjOiJOuCOa5N3jAZ3eiSpQB5hIT8zGlL2QfnHLJ2r7GMkBGuIausdJN1OneaI6gQlsqNHHmZQ==",
      "peer": true,
      "dependencies": {
        "tslib": "^1.9.0"
      },
      "engines": {
        "npm": ">=2.0.0"
      }
    },
    "node_modules/rxjs/node_modules/tslib": {
      "version": "1.14.1",
      "resolved": "https://registry.npmjs.org/tslib/-/tslib-1.14.1.tgz",
      "integrity": "sha512-Xni35NKzjgMrwevysHTCArtLDpPvye8zV/0E4EyYn43P7/7qvQwPh9BGkHewbMulVntbigmcT7rdX3BNo9wRJg==",
      "peer": true
    },
    "node_modules/tslib": {
      "version": "2.1.0",
      "resolved": "https://registry.npmjs.org/tslib/-/tslib-2.1.0.tgz",
      "integrity": "sha512-hcVC3wYEziELGGmEEXue7D75zbwIIVUMWAVbHItGPx0ziyXxrOMQx4rQEVEV45Ut/1IotuEvwqPopzIOkDMf0A=="
    },
    "node_modules/zone.js": {
      "version": "0.11.3",
      "resolved": "https://registry.npmjs.org/zone.js/-/zone.js-0.11.3.tgz",
      "integrity": "sha512-Y4hTHoh4VcxU5BDGAqEoOnOiyT254w6CiHtpQxAJUSMZPyVgdbKf+5R7Mwz6xsPhMIeBXk5rTopRZDpjssTCUg==",
      "peer": true,
      "dependencies": {
        "tslib": "^2.0.0"
      }
    }
  },
  "dependencies": {
    "@angular/common": {
      "version": "11.2.0",
      "resolved": "https://registry.npmjs.org/@angular/common/-/common-11.2.0.tgz",
      "integrity": "sha512-wsWI5F6Y2DNxne2D5uk8e9U/vn95UYZLMNBW+QXI9U/I9kDSXoa8yEvNcn1x0XfNXBMst5pi4iSF5M8mIck1eg==",
      "peer": true,
      "requires": {
        "tslib": "^2.0.0"
      }
    },
    "@angular/core": {
      "version": "11.2.0",
      "resolved": "https://registry.npmjs.org/@angular/core/-/core-11.2.0.tgz",
      "integrity": "sha512-jnbnJTW2GwfkRoXG8J4zs5FMcahMZwo6jrZGe9FiXjCYG9cLEuOXy4h99Z1s/o0vc/VXyWgym7SmeEgv+urf8g==",
      "peer": true,
      "requires": {
        "tslib": "^2.0.0"
      }
    },
    "ngx-cookie-service": {
      "version": "11.0.2",
      "resolved": "https://registry.npmjs.org/ngx-cookie-service/-/ngx-cookie-service-11.0.2.tgz",
      "integrity": "sha512-nsjzdcjK+gNAweE/DDdnOyHo04jlxTeMXOL/oJNp8MHtOTvCXnOtIFYgq4Sb2JU6UXTovO9tHEMIf9TxjlsdgQ==",
      "requires": {
        "tslib": "^2.0.0"
      }
    },
    "rxjs": {
      "version": "6.6.3",
      "resolved": "https://registry.npmjs.org/rxjs/-/rxjs-6.6.3.tgz",
      "integrity": "sha512-trsQc+xYYXZ3urjOiJOuCOa5N3jAZ3eiSpQB5hIT8zGlL2QfnHLJ2r7GMkBGuIausdJN1OneaI6gQlsqNHHmZQ==",
      "peer": true,
      "requires": {
        "tslib": "^1.9.0"
      },
      "dependencies": {
        "tslib": {
          "version": "1.14.1",
          "resolved": "https://registry.npmjs.org/tslib/-/tslib-1.14.1.tgz",
          "integrity": "sha512-Xni35NKzjgMrwevysHTCArtLDpPvye8zV/0E4EyYn43P7/7qvQwPh9BGkHewbMulVntbigmcT7rdX3BNo9wRJg==",
          "peer": true
        }
      }
    },
    "tslib": {
      "version": "2.1.0",
      "resolved": "https://registry.npmjs.org/tslib/-/tslib-2.1.0.tgz",
      "integrity": "sha512-hcVC3wYEziELGGmEEXue7D75zbwIIVUMWAVbHItGPx0ziyXxrOMQx4rQEVEV45Ut/1IotuEvwqPopzIOkDMf0A=="
    },
    "zone.js": {
      "version": "0.11.3",
      "resolved": "https://registry.npmjs.org/zone.js/-/zone.js-0.11.3.tgz",
      "integrity": "sha512-Y4hTHoh4VcxU5BDGAqEoOnOiyT254w6CiHtpQxAJUSMZPyVgdbKf+5R7Mwz6xsPhMIeBXk5rTopRZDpjssTCUg==",
      "peer": true,
      "requires": {
        "tslib": "^2.0.0"
      }
    }
  }
}
